<?xml version="1.0" encoding="utf-8"?>
<Project ToolsVersion="4.0" xmlns="http://schemas.microsoft.com/developer/msbuild/2003">
  <ItemGroup>
    <Filter Include="Source Files">
      <UniqueIdentifier>{4FC737F1-C7A5-4376-A066-2A32D752A2FF}</UniqueIdentifier>
      <Extensions>cpp;c;cc;cxx;c++;cppm;ixx;def;odl;idl;hpj;bat;asm;asmx</Extensions>
    </Filter>
    <Filter Include="Header Files">
      <UniqueIdentifier>{93995380-89BD-4b04-88EB-625FBE52EBFB}</UniqueIdentifier>
      <Extensions>h;hh;hpp;hxx;h++;hm;inl;inc;ipp;xsd</Extensions>
    </Filter>
    <Filter Include="Resource Files">
      <UniqueIdentifier>{67DA6AB6-F800-4c08-8B7A-83BB121AAD01}</UniqueIdentifier>
      <Extensions>rc;ico;cur;bmp;dlg;rc2;rct;bin;rgs;gif;jpg;jpeg;jpe;resx;tiff;tif;png;wav;mfcribbon-ms</Extensions>
    </Filter>
    <Filter Include="base">
      <UniqueIdentifier>{ed31a32b-735f-4c09-b254-0c36fecda331}</UniqueIdentifier>
    </Filter>
    <Filter Include="data">
      <UniqueIdentifier>{db202d56-088e-4ee6-87d2-daebaec9f43b}</UniqueIdentifier>
    </Filter>
    <Filter Include="heuristics">
      <UniqueIdentifier>{7b003c4a-6ef6-462d-9c43-acb748848e64}</UniqueIdentifier>
    </Filter>
    <Filter Include="logging">
      <UniqueIdentifier>{5c6ec8d5-9de3-45ac-98ae-069934b46b63}</UniqueIdentifier>
    </Filter>
    <Filter Include="main">
      <UniqueIdentifier>{b1b57cfb-c8b9-451e-9b98-39d830b4caaf}</UniqueIdentifier>
    </Filter>
    <Filter Include="misc">
      <UniqueIdentifier>{ce4cdc6c-f0be-4cd3-b07a-53c91c1e8b79}</UniqueIdentifier>
    </Filter>
    <Filter Include="solution_representations">
      <UniqueIdentifier>{d12ad758-91c7-4ae0-87d5-d39a819f54d8}</UniqueIdentifier>
    </Filter>
    <Filter Include="tests">
      <UniqueIdentifier>{cb81e011-b44c-4af3-8b73-87cfbb5098ab}</UniqueIdentifier>
    </Filter>
  </ItemGroup>
  <ItemGroup>
    <ClCompile Include="BasicECTSP.cpp">
      <Filter>Source Files</Filter>
    </ClCompile>
  </ItemGroup>
  <ItemGroup>
    <ClInclude Include="BasicECTSP.h">
      <Filter>Header Files</Filter>
    </ClInclude>
    <ClInclude Include="base\City.h">
      <Filter>base</Filter>
    </ClInclude>
    <ClInclude Include="base\Depot.h">
      <Filter>base</Filter>
    </ClInclude>
    <ClInclude Include="base\Salesman.h">
      <Filter>base</Filter>
    </ClInclude>
    <ClInclude Include="base\types.h">
      <Filter>base</Filter>
    </ClInclude>
    <ClInclude Include="heuristics\gene_manipulation.h">
      <Filter>heuristics</Filter>
    </ClInclude>
    <ClInclude Include="heuristics\globalOpt.h">
      <Filter>heuristics</Filter>
    </ClInclude>
    <ClInclude Include="heuristics\kopt.h">
      <Filter>heuristics</Filter>
    </ClInclude>
    <ClInclude Include="heuristics\localOpt.h">
      <Filter>heuristics</Filter>
    </ClInclude>
    <ClInclude Include="heuristics\measures.h">
      <Filter>heuristics</Filter>
    </ClInclude>
    <ClInclude Include="heuristics\precedence.h">
      <Filter>heuristics</Filter>
    </ClInclude>
    <ClInclude Include="heuristics\validations.h">
      <Filter>heuristics</Filter>
    </ClInclude>
    <ClInclude Include="logging\logger.h">
      <Filter>logging</Filter>
    </ClInclude>
    <ClInclude Include="main\algorithm.h">
      <Filter>main</Filter>
    </ClInclude>
    <ClInclude Include="main\DiscretePopulationBasedAlgoritm.h">
      <Filter>main</Filter>
    </ClInclude>
    <ClInclude Include="misc\CsvReader.h">
      <Filter>misc</Filter>
    </ClInclude>
    <ClInclude Include="misc\debugging.h">
      <Filter>misc</Filter>
    </ClInclude>
    <ClInclude Include="misc\ImportData.h">
      <Filter>misc</Filter>
    </ClInclude>
    <ClInclude Include="misc\randnumgen.h">
      <Filter>misc</Filter>
    </ClInclude>
    <ClInclude Include="tests\tests.h">
      <Filter>tests</Filter>
    </ClInclude>
    <ClInclude Include="solution_representations\LinkedListArray.h">
      <Filter>solution_representations</Filter>
    </ClInclude>
    <ClInclude Include="solution_representations\solution_rep_v.h">
      <Filter>solution_representations</Filter>
    </ClInclude>
    <ClInclude Include="solution_representations\TSolution.h">
      <Filter>solution_representations</Filter>
    </ClInclude>
  </ItemGroup>
  <ItemGroup>
    <None Include="data\Cities_0.csv">
      <Filter>data</Filter>
    </None>
    <None Include="data\Cities_1.csv">
      <Filter>data</Filter>
    </None>
    <None Include="data\Cities_2.csv">
      <Filter>data</Filter>
    </None>
    <None Include="data\Cities_3.csv">
      <Filter>data</Filter>
    </None>
    <None Include="data\Cities_3_original.csv">
      <Filter>data</Filter>
    </None>
    <None Include="data\Cities_4.csv">
      <Filter>data</Filter>
    </None>
    <None Include="data\Cities_5.csv">
      <Filter>data</Filter>
    </None>
    <None Include="data\Cities_6.csv">
      <Filter>data</Filter>
    </None>
    <None Include="data\Cities_7.csv">
      <Filter>data</Filter>
    </None>
    <None Include="data\Cities_8.csv">
      <Filter>data</Filter>
    </None>
    <None Include="data\Cities_9.csv">
      <Filter>data</Filter>
    </None>
    <None Include="data\Depots_0.csv">
      <Filter>data</Filter>
    </None>
    <None Include="data\Depots_1.csv">
      <Filter>data</Filter>
    </None>
    <None Include="data\Depots_2.csv">
      <Filter>data</Filter>
    </None>
    <None Include="data\Depots_3.csv">
      <Filter>data</Filter>
    </None>
    <None Include="data\Depots_4.csv">
      <Filter>data</Filter>
    </None>
    <None Include="data\Depots_5.csv">
      <Filter>data</Filter>
    </None>
    <None Include="data\Depots_6.csv">
      <Filter>data</Filter>
    </None>
    <None Include="data\Depots_7.csv">
      <Filter>data</Filter>
    </None>
    <None Include="data\Depots_8.csv">
      <Filter>data</Filter>
    </None>
    <None Include="data\Depots_9.csv">
      <Filter>data</Filter>
    </None>
    <None Include="data\Salesperson.csv">
      <Filter>data</Filter>
    </None>
    <None Include="data\Salespersons_0.csv">
      <Filter>data</Filter>
    </None>
    <None Include="data\Salespersons_1.csv">
      <Filter>data</Filter>
    </None>
    <None Include="data\Salespersons_2.csv">
      <Filter>data</Filter>
    </None>
    <None Include="data\Salespersons_3.csv">
      <Filter>data</Filter>
    </None>
    <None Include="data\Salespersons_4.csv">
      <Filter>data</Filter>
    </None>
    <None Include="data\Salespersons_5.csv">
      <Filter>data</Filter>
    </None>
    <None Include="data\Salespersons_6.csv">
      <Filter>data</Filter>
    </None>
    <None Include="data\Salespersons_7.csv">
      <Filter>data</Filter>
    </None>
    <None Include="data\Salespersons_8.csv">
      <Filter>data</Filter>
    </None>
    <None Include="data\Salespersons_9.csv">
      <Filter>data</Filter>
    </None>
  </ItemGroup>
</Project>